
Microsoft Visual Studio Solution File, Format Version 12.00
# Visual Studio 2012
Project("{FAE04EC0-301F-11D3-BF4B-00C04F79EFBC}") = "MyWCFServices.RealAuctionDAL", "MyWCFServices.RealAuctionDAL\MyWCFServices.RealAuctionDAL.csproj", "{B5107B93-7634-45F2-B7F2-3DD38C35E1EA}"
EndProject
Global
	GlobalSection(SolutionConfigurationPlatforms) = preSolution
		Debug|Any CPU = Debug|Any CPU
		Release|Any CPU = Release|Any CPU
	EndGlobalSection
	GlobalSection(ProjectConfigurationPlatforms) = postSolution
		{B5107B93-7634-45F2-B7F2-3DD38C35E1EA}.Debug|Any CPU.ActiveCfg = Debug|Any CPU
		{B5107B93-7634-45F2-B7F2-3DD38C35E1EA}.Debug|Any CPU.Build.0 = Debug|Any CPU
		{B5107B93-7634-45F2-B7F2-3DD38C35E1EA}.Release|Any CPU.ActiveCfg = Release|Any CPU
		{B5107B93-7634-45F2-B7F2-3DD38C35E1EA}.Release|Any CPU.Build.0 = Release|Any CPU
	EndGlobalSection
	GlobalSection(SolutionProperties) = preSolution
		HideSolutionNode = FALSE
	EndGlobalSection
EndGlobal
